
Microsoft Visual Studio Solution File, Format Version 12.00
# Visual Studio Version 17
Project("{2150E333-8FDC-42A3-9474-1A3956D46DE8}") = "CMakePredefinedTargets", "CMakePredefinedTargets", "{F32D1B7C-A26D-352B-8750-44F06AFA4F20}"
EndProject
Project("{8BC9CEB8-8B4A-11D0-8D11-00A0C91BC942}") = "testbed", "testbed\testbed.vcxproj", "{4EE8CF76-C84D-36A0-B3A4-30225B8D0AE1}"
	ProjectSection(ProjectDependencies) = postProject
		{A674DE95-ADE5-36DC-BDA9-C3209F02D8B3} = {A674DE95-ADE5-36DC-BDA9-C3209F02D8B3}
		{BFF15EEB-ED49-3912-9B5E-ABD780B1FFF6} = {BFF15EEB-ED49-3912-9B5E-ABD780B1FFF6}
		{290BAD92-D33F-368D-91D5-AF1301E3001B} = {290BAD92-D33F-368D-91D5-AF1301E3001B}
		{FCB9DCE2-2A2B-39EA-BFDC-E194A9A6F039} = {FCB9DCE2-2A2B-39EA-BFDC-E194A9A6F039}
		{875B1CB6-A5D0-38E8-9F77-F5B252743384} = {875B1CB6-A5D0-38E8-9F77-F5B252743384}
		{B0EA07ED-3EC2-35AD-8361-05E2BB241D77} = {B0EA07ED-3EC2-35AD-8361-05E2BB241D77}
	EndProjectSection
EndProject
Project("{8BC9CEB8-8B4A-11D0-8D11-00A0C91BC942}") = "ALL_BUILD", "ALL_BUILD.vcxproj", "{65A69567-8F03-3C5A-B4C1-3A07FA727A23}"
	ProjectSection(ProjectDependencies) = postProject
		{A674DE95-ADE5-36DC-BDA9-C3209F02D8B3} = {A674DE95-ADE5-36DC-BDA9-C3209F02D8B3}
		{BFF15EEB-ED49-3912-9B5E-ABD780B1FFF6} = {BFF15EEB-ED49-3912-9B5E-ABD780B1FFF6}
		{290BAD92-D33F-368D-91D5-AF1301E3001B} = {290BAD92-D33F-368D-91D5-AF1301E3001B}
		{FCB9DCE2-2A2B-39EA-BFDC-E194A9A6F039} = {FCB9DCE2-2A2B-39EA-BFDC-E194A9A6F039}
		{875B1CB6-A5D0-38E8-9F77-F5B252743384} = {875B1CB6-A5D0-38E8-9F77-F5B252743384}
		{B0EA07ED-3EC2-35AD-8361-05E2BB241D77} = {B0EA07ED-3EC2-35AD-8361-05E2BB241D77}
		{4EE8CF76-C84D-36A0-B3A4-30225B8D0AE1} = {4EE8CF76-C84D-36A0-B3A4-30225B8D0AE1}
		{B22A915E-B5B9-3DD7-9E61-9C84C9248434} = {B22A915E-B5B9-3DD7-9E61-9C84C9248434}
	EndProjectSection
EndProject
Project("{8BC9CEB8-8B4A-11D0-8D11-00A0C91BC942}") = "INSTALL", "INSTALL.vcxproj", "{60CA9FB9-0811-3BD8-B387-2F91BE5A8373}"
	ProjectSection(ProjectDependencies) = postProject
		{65A69567-8F03-3C5A-B4C1-3A07FA727A23} = {65A69567-8F03-3C5A-B4C1-3A07FA727A23}
		{A674DE95-ADE5-36DC-BDA9-C3209F02D8B3} = {A674DE95-ADE5-36DC-BDA9-C3209F02D8B3}
	EndProjectSection
EndProject
Project("{8BC9CEB8-8B4A-11D0-8D11-00A0C91BC942}") = "ZERO_CHECK", "ZERO_CHECK.vcxproj", "{A674DE95-ADE5-36DC-BDA9-C3209F02D8B3}"
	ProjectSection(ProjectDependencies) = postProject
	EndProjectSection
EndProject
Project("{8BC9CEB8-8B4A-11D0-8D11-00A0C91BC942}") = "box2d", "src\box2d.vcxproj", "{BFF15EEB-ED49-3912-9B5E-ABD780B1FFF6}"
	ProjectSection(ProjectDependencies) = postProject
		{A674DE95-ADE5-36DC-BDA9-C3209F02D8B3} = {A674DE95-ADE5-36DC-BDA9-C3209F02D8B3}
	EndProjectSection
EndProject
Project("{8BC9CEB8-8B4A-11D0-8D11-00A0C91BC942}") = "glad", "extern\glad\glad.vcxproj", "{290BAD92-D33F-368D-91D5-AF1301E3001B}"
	ProjectSection(ProjectDependencies) = postProject
		{A674DE95-ADE5-36DC-BDA9-C3209F02D8B3} = {A674DE95-ADE5-36DC-BDA9-C3209F02D8B3}
	EndProjectSection
EndProject
Project("{8BC9CEB8-8B4A-11D0-8D11-00A0C91BC942}") = "glfw", "extern\glfw\glfw.vcxproj", "{FCB9DCE2-2A2B-39EA-BFDC-E194A9A6F039}"
	ProjectSection(ProjectDependencies) = postProject
		{A674DE95-ADE5-36DC-BDA9-C3209F02D8B3} = {A674DE95-ADE5-36DC-BDA9-C3209F02D8B3}
	EndProjectSection
EndProject
Project("{8BC9CEB8-8B4A-11D0-8D11-00A0C91BC942}") = "imgui", "extern\imgui\imgui.vcxproj", "{875B1CB6-A5D0-38E8-9F77-F5B252743384}"
	ProjectSection(ProjectDependencies) = postProject
		{A674DE95-ADE5-36DC-BDA9-C3209F02D8B3} = {A674DE95-ADE5-36DC-BDA9-C3209F02D8B3}
	EndProjectSection
EndProject
Project("{8BC9CEB8-8B4A-11D0-8D11-00A0C91BC942}") = "sajson", "extern\sajson\sajson.vcxproj", "{B0EA07ED-3EC2-35AD-8361-05E2BB241D77}"
	ProjectSection(ProjectDependencies) = postProject
		{A674DE95-ADE5-36DC-BDA9-C3209F02D8B3} = {A674DE95-ADE5-36DC-BDA9-C3209F02D8B3}
	EndProjectSection
EndProject
Project("{8BC9CEB8-8B4A-11D0-8D11-00A0C91BC942}") = "unit_test", "unit-test\unit_test.vcxproj", "{B22A915E-B5B9-3DD7-9E61-9C84C9248434}"
	ProjectSection(ProjectDependencies) = postProject
		{A674DE95-ADE5-36DC-BDA9-C3209F02D8B3} = {A674DE95-ADE5-36DC-BDA9-C3209F02D8B3}
		{BFF15EEB-ED49-3912-9B5E-ABD780B1FFF6} = {BFF15EEB-ED49-3912-9B5E-ABD780B1FFF6}
	EndProjectSection
EndProject
Global
	GlobalSection(SolutionConfigurationPlatforms) = preSolution
		Debug|x64 = Debug|x64
		Release|x64 = Release|x64
		MinSizeRel|x64 = MinSizeRel|x64
		RelWithDebInfo|x64 = RelWithDebInfo|x64
	EndGlobalSection
	GlobalSection(ProjectConfigurationPlatforms) = postSolution
		{4EE8CF76-C84D-36A0-B3A4-30225B8D0AE1}.Debug|x64.ActiveCfg = Debug|x64
		{4EE8CF76-C84D-36A0-B3A4-30225B8D0AE1}.Debug|x64.Build.0 = Debug|x64
		{4EE8CF76-C84D-36A0-B3A4-30225B8D0AE1}.Release|x64.ActiveCfg = Release|x64
		{4EE8CF76-C84D-36A0-B3A4-30225B8D0AE1}.Release|x64.Build.0 = Release|x64
		{4EE8CF76-C84D-36A0-B3A4-30225B8D0AE1}.MinSizeRel|x64.ActiveCfg = MinSizeRel|x64
		{4EE8CF76-C84D-36A0-B3A4-30225B8D0AE1}.MinSizeRel|x64.Build.0 = MinSizeRel|x64
		{4EE8CF76-C84D-36A0-B3A4-30225B8D0AE1}.RelWithDebInfo|x64.ActiveCfg = RelWithDebInfo|x64
		{4EE8CF76-C84D-36A0-B3A4-30225B8D0AE1}.RelWithDebInfo|x64.Build.0 = RelWithDebInfo|x64
		{65A69567-8F03-3C5A-B4C1-3A07FA727A23}.Debug|x64.ActiveCfg = Debug|x64
		{65A69567-8F03-3C5A-B4C1-3A07FA727A23}.Debug|x64.Build.0 = Debug|x64
		{65A69567-8F03-3C5A-B4C1-3A07FA727A23}.Release|x64.ActiveCfg = Release|x64
		{65A69567-8F03-3C5A-B4C1-3A07FA727A23}.Release|x64.Build.0 = Release|x64
		{65A69567-8F03-3C5A-B4C1-3A07FA727A23}.MinSizeRel|x64.ActiveCfg = MinSizeRel|x64
		{65A69567-8F03-3C5A-B4C1-3A07FA727A23}.MinSizeRel|x64.Build.0 = MinSizeRel|x64
		{65A69567-8F03-3C5A-B4C1-3A07FA727A23}.RelWithDebInfo|x64.ActiveCfg = RelWithDebInfo|x64
		{65A69567-8F03-3C5A-B4C1-3A07FA727A23}.RelWithDebInfo|x64.Build.0 = RelWithDebInfo|x64
		{60CA9FB9-0811-3BD8-B387-2F91BE5A8373}.Debug|x64.ActiveCfg = Debug|x64
		{60CA9FB9-0811-3BD8-B387-2F91BE5A8373}.Release|x64.ActiveCfg = Release|x64
		{60CA9FB9-0811-3BD8-B387-2F91BE5A8373}.MinSizeRel|x64.ActiveCfg = MinSizeRel|x64
		{60CA9FB9-0811-3BD8-B387-2F91BE5A8373}.RelWithDebInfo|x64.ActiveCfg = RelWithDebInfo|x64
		{A674DE95-ADE5-36DC-BDA9-C3209F02D8B3}.Debug|x64.ActiveCfg = Debug|x64
		{A674DE95-ADE5-36DC-BDA9-C3209F02D8B3}.Debug|x64.Build.0 = Debug|x64
		{A674DE95-ADE5-36DC-BDA9-C3209F02D8B3}.Release|x64.ActiveCfg = Release|x64
		{A674DE95-ADE5-36DC-BDA9-C3209F02D8B3}.Release|x64.Build.0 = Release|x64
		{A674DE95-ADE5-36DC-BDA9-C3209F02D8B3}.MinSizeRel|x64.ActiveCfg = MinSizeRel|x64
		{A674DE95-ADE5-36DC-BDA9-C3209F02D8B3}.MinSizeRel|x64.Build.0 = MinSizeRel|x64
		{A674DE95-ADE5-36DC-BDA9-C3209F02D8B3}.RelWithDebInfo|x64.ActiveCfg = RelWithDebInfo|x64
		{A674DE95-ADE5-36DC-BDA9-C3209F02D8B3}.RelWithDebInfo|x64.Build.0 = RelWithDebInfo|x64
		{BFF15EEB-ED49-3912-9B5E-ABD780B1FFF6}.Debug|x64.ActiveCfg = Debug|x64
		{BFF15EEB-ED49-3912-9B5E-ABD780B1FFF6}.Debug|x64.Build.0 = Debug|x64
		{BFF15EEB-ED49-3912-9B5E-ABD780B1FFF6}.Release|x64.ActiveCfg = Release|x64
		{BFF15EEB-ED49-3912-9B5E-ABD780B1FFF6}.Release|x64.Build.0 = Release|x64
		{BFF15EEB-ED49-3912-9B5E-ABD780B1FFF6}.MinSizeRel|x64.ActiveCfg = MinSizeRel|x64
		{BFF15EEB-ED49-3912-9B5E-ABD780B1FFF6}.MinSizeRel|x64.Build.0 = MinSizeRel|x64
		{BFF15EEB-ED49-3912-9B5E-ABD780B1FFF6}.RelWithDebInfo|x64.ActiveCfg = RelWithDebInfo|x64
		{BFF15EEB-ED49-3912-9B5E-ABD780B1FFF6}.RelWithDebInfo|x64.Build.0 = RelWithDebInfo|x64
		{290BAD92-D33F-368D-91D5-AF1301E3001B}.Debug|x64.ActiveCfg = Debug|x64
		{290BAD92-D33F-368D-91D5-AF1301E3001B}.Debug|x64.Build.0 = Debug|x64
		{290BAD92-D33F-368D-91D5-AF1301E3001B}.Release|x64.ActiveCfg = Release|x64
		{290BAD92-D33F-368D-91D5-AF1301E3001B}.Release|x64.Build.0 = Release|x64
		{290BAD92-D33F-368D-91D5-AF1301E3001B}.MinSizeRel|x64.ActiveCfg = MinSizeRel|x64
		{290BAD92-D33F-368D-91D5-AF1301E3001B}.MinSizeRel|x64.Build.0 = MinSizeRel|x64
		{290BAD92-D33F-368D-91D5-AF1301E3001B}.RelWithDebInfo|x64.ActiveCfg = RelWithDebInfo|x64
		{290BAD92-D33F-368D-91D5-AF1301E3001B}.RelWithDebInfo|x64.Build.0 = RelWithDebInfo|x64
		{FCB9DCE2-2A2B-39EA-BFDC-E194A9A6F039}.Debug|x64.ActiveCfg = Debug|x64
		{FCB9DCE2-2A2B-39EA-BFDC-E194A9A6F039}.Debug|x64.Build.0 = Debug|x64
		{FCB9DCE2-2A2B-39EA-BFDC-E194A9A6F039}.Release|x64.ActiveCfg = Release|x64
		{FCB9DCE2-2A2B-39EA-BFDC-E194A9A6F039}.Release|x64.Build.0 = Release|x64
		{FCB9DCE2-2A2B-39EA-BFDC-E194A9A6F039}.MinSizeRel|x64.ActiveCfg = MinSizeRel|x64
		{FCB9DCE2-2A2B-39EA-BFDC-E194A9A6F039}.MinSizeRel|x64.Build.0 = MinSizeRel|x64
		{FCB9DCE2-2A2B-39EA-BFDC-E194A9A6F039}.RelWithDebInfo|x64.ActiveCfg = RelWithDebInfo|x64
		{FCB9DCE2-2A2B-39EA-BFDC-E194A9A6F039}.RelWithDebInfo|x64.Build.0 = RelWithDebInfo|x64
		{875B1CB6-A5D0-38E8-9F77-F5B252743384}.Debug|x64.ActiveCfg = Debug|x64
		{875B1CB6-A5D0-38E8-9F77-F5B252743384}.Debug|x64.Build.0 = Debug|x64
		{875B1CB6-A5D0-38E8-9F77-F5B252743384}.Release|x64.ActiveCfg = Release|x64
		{875B1CB6-A5D0-38E8-9F77-F5B252743384}.Release|x64.Build.0 = Release|x64
		{875B1CB6-A5D0-38E8-9F77-F5B252743384}.MinSizeRel|x64.ActiveCfg = MinSizeRel|x64
		{875B1CB6-A5D0-38E8-9F77-F5B252743384}.MinSizeRel|x64.Build.0 = MinSizeRel|x64
		{875B1CB6-A5D0-38E8-9F77-F5B252743384}.RelWithDebInfo|x64.ActiveCfg = RelWithDebInfo|x64
		{875B1CB6-A5D0-38E8-9F77-F5B252743384}.RelWithDebInfo|x64.Build.0 = RelWithDebInfo|x64
		{B0EA07ED-3EC2-35AD-8361-05E2BB241D77}.Debug|x64.ActiveCfg = Debug|x64
		{B0EA07ED-3EC2-35AD-8361-05E2BB241D77}.Debug|x64.Build.0 = Debug|x64
		{B0EA07ED-3EC2-35AD-8361-05E2BB241D77}.Release|x64.ActiveCfg = Release|x64
		{B0EA07ED-3EC2-35AD-8361-05E2BB241D77}.Release|x64.Build.0 = Release|x64
		{B0EA07ED-3EC2-35AD-8361-05E2BB241D77}.MinSizeRel|x64.ActiveCfg = MinSizeRel|x64
		{B0EA07ED-3EC2-35AD-8361-05E2BB241D77}.MinSizeRel|x64.Build.0 = MinSizeRel|x64
		{B0EA07ED-3EC2-35AD-8361-05E2BB241D77}.RelWithDebInfo|x64.ActiveCfg = RelWithDebInfo|x64
		{B0EA07ED-3EC2-35AD-8361-05E2BB241D77}.RelWithDebInfo|x64.Build.0 = RelWithDebInfo|x64
		{B22A915E-B5B9-3DD7-9E61-9C84C9248434}.Debug|x64.ActiveCfg = Debug|x64
		{B22A915E-B5B9-3DD7-9E61-9C84C9248434}.Debug|x64.Build.0 = Debug|x64
		{B22A915E-B5B9-3DD7-9E61-9C84C9248434}.Release|x64.ActiveCfg = Release|x64
		{B22A915E-B5B9-3DD7-9E61-9C84C9248434}.Release|x64.Build.0 = Release|x64
		{B22A915E-B5B9-3DD7-9E61-9C84C9248434}.MinSizeRel|x64.ActiveCfg = MinSizeRel|x64
		{B22A915E-B5B9-3DD7-9E61-9C84C9248434}.MinSizeRel|x64.Build.0 = MinSizeRel|x64
		{B22A915E-B5B9-3DD7-9E61-9C84C9248434}.RelWithDebInfo|x64.ActiveCfg = RelWithDebInfo|x64
		{B22A915E-B5B9-3DD7-9E61-9C84C9248434}.RelWithDebInfo|x64.Build.0 = RelWithDebInfo|x64
	EndGlobalSection
	GlobalSection(NestedProjects) = preSolution
		{65A69567-8F03-3C5A-B4C1-3A07FA727A23} = {F32D1B7C-A26D-352B-8750-44F06AFA4F20}
		{60CA9FB9-0811-3BD8-B387-2F91BE5A8373} = {F32D1B7C-A26D-352B-8750-44F06AFA4F20}
		{A674DE95-ADE5-36DC-BDA9-C3209F02D8B3} = {F32D1B7C-A26D-352B-8750-44F06AFA4F20}
	EndGlobalSection
	GlobalSection(ExtensibilityGlobals) = postSolution
		SolutionGuid = {FE021A7E-5B53-3468-868A-411169978ACE}
	EndGlobalSection
	GlobalSection(ExtensibilityAddIns) = postSolution
	EndGlobalSection
EndGlobal
